// !$*UTF8*$!
{
	archiveVersion = 1;
	classes = {
	};
	objectVersion = 48;
	objects = {

/* Begin PBXBuildFile section */
		085E4A9A20076D0A00D5D7CE /* MBProgressHUD.m in Sources */ = {isa = PBXBuildFile; fileRef = 085E4A9920076D0A00D5D7CE /* MBProgressHUD.m */; };
		089A7F301F6AC91B00A7E1D8 /* ScenePreviewViewContoller.swift in Sources */ = {isa = PBXBuildFile; fileRef = 089A7F2F1F6AC91B00A7E1D8 /* ScenePreviewViewContoller.swift */; };
		089A7F321F6ACDE900A7E1D8 /* scene@2x.png in Resources */ = {isa = PBXBuildFile; fileRef = 089A7F311F6ACDE400A7E1D8 /* scene@2x.png */; };
		08BD97A41F6AB9D500F9A59A /* AppDelegate.swift in Sources */ = {isa = PBXBuildFile; fileRef = 08BD97A31F6AB9D500F9A59A /* AppDelegate.swift */; };
		08BD97A91F6AB9D500F9A59A /* Main.storyboard in Resources */ = {isa = PBXBuildFile; fileRef = 08BD97A71F6AB9D500F9A59A /* Main.storyboard */; };
		08BD97AB1F6AB9D500F9A59A /* Assets.xcassets in Resources */ = {isa = PBXBuildFile; fileRef = 08BD97AA1F6AB9D500F9A59A /* Assets.xcassets */; };
		08BD97D21F6ABBF500F9A59A /* DownloadFilesViewController.swift in Sources */ = {isa = PBXBuildFile; fileRef = 08BD97D11F6ABBF500F9A59A /* DownloadFilesViewController.swift */; };
		08BD97D41F6AC23800F9A59A /* DownloadManager.swift in Sources */ = {isa = PBXBuildFile; fileRef = 08BD97D31F6AC23800F9A59A /* DownloadManager.swift */; };
		08BD97EC1F6AC39A00F9A59A /* WebKit.framework in Frameworks */ = {isa = PBXBuildFile; fileRef = 08BD97EB1F6AC39A00F9A59A /* WebKit.framework */; };
		08BD97EE1F6AC3A200F9A59A /* QuickLook.framework in Frameworks */ = {isa = PBXBuildFile; fileRef = 08BD97ED1F6AC3A200F9A59A /* QuickLook.framework */; };
		08BD97F61F6AC40800F9A59A /* UncaughtExceptionHandler.m in Sources */ = {isa = PBXBuildFile; fileRef = 08BD97F51F6AC40800F9A59A /* UncaughtExceptionHandler.m */; };
		08BD97FA1F6AC49500F9A59A /* FBFile.swift in Sources */ = {isa = PBXBuildFile; fileRef = 08BD97F91F6AC49500F9A59A /* FBFile.swift */; };
		08BD97FC1F6AC4B300F9A59A /* FileBrowser.swift in Sources */ = {isa = PBXBuildFile; fileRef = 08BD97FB1F6AC4B300F9A59A /* FileBrowser.swift */; };
		08BD97FE1F6AC4CB00F9A59A /* FileListPreview.swift in Sources */ = {isa = PBXBuildFile; fileRef = 08BD97FD1F6AC4CB00F9A59A /* FileListPreview.swift */; };
		08BD98001F6AC4E700F9A59A /* FileListSearch.swift in Sources */ = {isa = PBXBuildFile; fileRef = 08BD97FF1F6AC4E700F9A59A /* FileListSearch.swift */; };
		08BD98021F6AC4FF00F9A59A /* FileListTableView.swift in Sources */ = {isa = PBXBuildFile; fileRef = 08BD98011F6AC4FF00F9A59A /* FileListTableView.swift */; };
		08BD98041F6AC52D00F9A59A /* FileListViewController.swift in Sources */ = {isa = PBXBuildFile; fileRef = 08BD98031F6AC52D00F9A59A /* FileListViewController.swift */; };
		08BD98061F6AC54A00F9A59A /* FileParser.swift in Sources */ = {isa = PBXBuildFile; fileRef = 08BD98051F6AC54A00F9A59A /* FileParser.swift */; };
		08BD98081F6AC56100F9A59A /* PreviewManager.swift in Sources */ = {isa = PBXBuildFile; fileRef = 08BD98071F6AC56100F9A59A /* PreviewManager.swift */; };
		08BD980A1F6AC57F00F9A59A /* PreviewTransitionViewController.swift in Sources */ = {isa = PBXBuildFile; fileRef = 08BD98091F6AC57F00F9A59A /* PreviewTransitionViewController.swift */; };
		08BD980C1F6AC5A200F9A59A /* WebviewPreviewViewContoller.swift in Sources */ = {isa = PBXBuildFile; fileRef = 08BD980B1F6AC5A200F9A59A /* WebviewPreviewViewContoller.swift */; };
		08BD98181F6AC6E400F9A59A /* documents@2x.png in Resources */ = {isa = PBXBuildFile; fileRef = 08BD98121F6AC6C700F9A59A /* documents@2x.png */; };
		08BD98191F6AC6E400F9A59A /* file@2x.png in Resources */ = {isa = PBXBuildFile; fileRef = 08BD98131F6AC6C700F9A59A /* file@2x.png */; };
		08BD981A1F6AC6E400F9A59A /* folder@2x.png in Resources */ = {isa = PBXBuildFile; fileRef = 08BD98141F6AC6C700F9A59A /* folder@2x.png */; };
		08BD981B1F6AC6E400F9A59A /* image@2x.png in Resources */ = {isa = PBXBuildFile; fileRef = 08BD98151F6AC6C700F9A59A /* image@2x.png */; };
		08BD981C1F6AC6E400F9A59A /* pdf@2x.png in Resources */ = {isa = PBXBuildFile; fileRef = 08BD98161F6AC6C700F9A59A /* pdf@2x.png */; };
		08BD981D1F6AC6E400F9A59A /* zip@2x.png in Resources */ = {isa = PBXBuildFile; fileRef = 08BD98171F6AC6C700F9A59A /* zip@2x.png */; };
		08D8C64C1F72994700B817D1 /* LaunchScreen.storyboard in Resources */ = {isa = PBXBuildFile; fileRef = 08D8C64A1F72990600B817D1 /* LaunchScreen.storyboard */; };
		08D8C6521F729BAF00B817D1 /* SceneKit.png in Resources */ = {isa = PBXBuildFile; fileRef = 08D8C6511F729BAC00B817D1 /* SceneKit.png */; };
		08FFF3B82004EF7D008D6F0E /* BouncyButton.swift in Sources */ = {isa = PBXBuildFile; fileRef = 08FFF3B72004EF7D008D6F0E /* BouncyButton.swift */; };
		08FFF3D52004F85D008D6F0E /* Utilities.swift in Sources */ = {isa = PBXBuildFile; fileRef = 08FFF3D42004F85D008D6F0E /* Utilities.swift */; };
		1835A7C3202A30E200CFE82A /* Zipper+Entry.swift in Sources */ = {isa = PBXBuildFile; fileRef = 1835A7BB202A30E200CFE82A /* Zipper+Entry.swift */; };
		1835A7C4202A30E200CFE82A /* FileManager+Zipper.swift in Sources */ = {isa = PBXBuildFile; fileRef = 1835A7BC202A30E200CFE82A /* FileManager+Zipper.swift */; };
		1835A7C5202A30E200CFE82A /* Data+Compression.swift in Sources */ = {isa = PBXBuildFile; fileRef = 1835A7BD202A30E200CFE82A /* Data+Compression.swift */; };
		1835A7C6202A30E200CFE82A /* Zipper+Reading.swift in Sources */ = {isa = PBXBuildFile; fileRef = 1835A7BE202A30E200CFE82A /* Zipper+Reading.swift */; };
		1835A7C7202A30E200CFE82A /* Zipper.swift in Sources */ = {isa = PBXBuildFile; fileRef = 1835A7BF202A30E200CFE82A /* Zipper.swift */; };
		1835A7C8202A30E200CFE82A /* Date+Zipper.swift in Sources */ = {isa = PBXBuildFile; fileRef = 1835A7C0202A30E200CFE82A /* Date+Zipper.swift */; };
		1835A7C9202A30E200CFE82A /* Zipper+Writing.swift in Sources */ = {isa = PBXBuildFile; fileRef = 1835A7C1202A30E200CFE82A /* Zipper+Writing.swift */; };
		1835A7CA202A30E200CFE82A /* Data+Serialization.swift in Sources */ = {isa = PBXBuildFile; fileRef = 1835A7C2202A30E200CFE82A /* Data+Serialization.swift */; };
		18507AB7202475AA007ADB17 /* Models.scnassets in Resources */ = {isa = PBXBuildFile; fileRef = 18507AB6202475A9007ADB17 /* Models.scnassets */; };
		18507ABA20247E53007ADB17 /* 3DViewer.xcdatamodeld in Sources */ = {isa = PBXBuildFile; fileRef = 18507AB820247E53007ADB17 /* 3DViewer.xcdatamodeld */; };
		1888D18020232EB5009679AE /* ARViewController.swift in Sources */ = {isa = PBXBuildFile; fileRef = 1888D17F20232EB5009679AE /* ARViewController.swift */; };
		1888D18220232F63009679AE /* VirtualObject.swift in Sources */ = {isa = PBXBuildFile; fileRef = 1888D18120232F63009679AE /* VirtualObject.swift */; };
		1888D18420232FDC009679AE /* FocusSquare.swift in Sources */ = {isa = PBXBuildFile; fileRef = 1888D18320232FDC009679AE /* FocusSquare.swift */; };
		1888D18620232FF3009679AE /* Gesture.swift in Sources */ = {isa = PBXBuildFile; fileRef = 1888D18520232FF3009679AE /* Gesture.swift */; };
		1888D18820233009009679AE /* Plane.swift in Sources */ = {isa = PBXBuildFile; fileRef = 1888D18720233009009679AE /* Plane.swift */; };
		1888D18A20233037009679AE /* PlaneDebugVisualization.swift in Sources */ = {isa = PBXBuildFile; fileRef = 1888D18920233037009679AE /* PlaneDebugVisualization.swift */; };
		1888D18C2023304B009679AE /* HitTestVisualization.swift in Sources */ = {isa = PBXBuildFile; fileRef = 1888D18B2023304A009679AE /* HitTestVisualization.swift */; };
		1888D18F202330BB009679AE /* TextManager.swift in Sources */ = {isa = PBXBuildFile; fileRef = 1888D18E202330BB009679AE /* TextManager.swift */; };
		1888D191202330D3009679AE /* ARCameraTrackingState.swift in Sources */ = {isa = PBXBuildFile; fileRef = 1888D190202330D3009679AE /* ARCameraTrackingState.swift */; };
		1888D19320233314009679AE /* SettingsViewController.swift in Sources */ = {isa = PBXBuildFile; fileRef = 1888D19220233314009679AE /* SettingsViewController.swift */; };
		1888D1952023332F009679AE /* VirtualObjectSelectionViewController.swift in Sources */ = {isa = PBXBuildFile; fileRef = 1888D1942023332F009679AE /* VirtualObjectSelectionViewController.swift */; };
		18A3012B20330F0500ED442A /* AssetImportKit.framework in Frameworks */ = {isa = PBXBuildFile; fileRef = 18A3012920330EFD00ED442A /* AssetImportKit.framework */; };
		18A3012C20330F0500ED442A /* AssetImportKit.framework in Embed Frameworks */ = {isa = PBXBuildFile; fileRef = 18A3012920330EFD00ED442A /* AssetImportKit.framework */; settings = {ATTRIBUTES = (CodeSignOnCopy, RemoveHeadersOnCopy, ); }; };
/* End PBXBuildFile section */

/* Begin PBXCopyFilesBuildPhase section */
		18A3012D20330F0500ED442A /* Embed Frameworks */ = {
			isa = PBXCopyFilesBuildPhase;
			buildActionMask = 2147483647;
			dstPath = "";
			dstSubfolderSpec = 10;
			files = (
				18A3012C20330F0500ED442A /* AssetImportKit.framework in Embed Frameworks */,
			);
			name = "Embed Frameworks";
			runOnlyForDeploymentPostprocessing = 0;
		};
/* End PBXCopyFilesBuildPhase section */

/* Begin PBXFileReference section */
		085E4A9820076D0A00D5D7CE /* MBProgressHUD.h */ = {isa = PBXFileReference; lastKnownFileType = sourcecode.c.h; path = MBProgressHUD.h; sourceTree = "<group>"; };
		085E4A9920076D0A00D5D7CE /* MBProgressHUD.m */ = {isa = PBXFileReference; lastKnownFileType = sourcecode.c.objc; path = MBProgressHUD.m; sourceTree = "<group>"; };
		089A7F2F1F6AC91B00A7E1D8 /* ScenePreviewViewContoller.swift */ = {isa = PBXFileReference; lastKnownFileType = sourcecode.swift; path = ScenePreviewViewContoller.swift; sourceTree = "<group>"; };
		089A7F311F6ACDE400A7E1D8 /* scene@2x.png */ = {isa = PBXFileReference; lastKnownFileType = image.png; path = "scene@2x.png"; sourceTree = "<group>"; };
		08BD97A01F6AB9D500F9A59A /* 3DViewer.app */ = {isa = PBXFileReference; explicitFileType = wrapper.application; includeInIndex = 0; path = 3DViewer.app; sourceTree = BUILT_PRODUCTS_DIR; };
		08BD97A31F6AB9D500F9A59A /* AppDelegate.swift */ = {isa = PBXFileReference; lastKnownFileType = sourcecode.swift; path = AppDelegate.swift; sourceTree = "<group>"; };
		08BD97A81F6AB9D500F9A59A /* Base */ = {isa = PBXFileReference; lastKnownFileType = file.storyboard; name = Base; path = Base.lproj/Main.storyboard; sourceTree = "<group>"; };
		08BD97AA1F6AB9D500F9A59A /* Assets.xcassets */ = {isa = PBXFileReference; lastKnownFileType = folder.assetcatalog; path = Assets.xcassets; sourceTree = "<group>"; };
		08BD97AF1F6AB9D500F9A59A /* Info.plist */ = {isa = PBXFileReference; lastKnownFileType = text.plist.xml; path = Info.plist; sourceTree = "<group>"; };
		08BD97D11F6ABBF500F9A59A /* DownloadFilesViewController.swift */ = {isa = PBXFileReference; lastKnownFileType = sourcecode.swift; path = DownloadFilesViewController.swift; sourceTree = "<group>"; };
		08BD97D31F6AC23800F9A59A /* DownloadManager.swift */ = {isa = PBXFileReference; lastKnownFileType = sourcecode.swift; path = DownloadManager.swift; sourceTree = "<group>"; };
		08BD97D71F6AC2C400F9A59A /* 3DViewer-Bridging-Header.h */ = {isa = PBXFileReference; lastKnownFileType = sourcecode.c.h; path = "3DViewer-Bridging-Header.h"; sourceTree = "<group>"; };
		08BD97EB1F6AC39A00F9A59A /* WebKit.framework */ = {isa = PBXFileReference; lastKnownFileType = wrapper.framework; name = WebKit.framework; path = System/Library/Frameworks/WebKit.framework; sourceTree = SDKROOT; };
		08BD97ED1F6AC3A200F9A59A /* QuickLook.framework */ = {isa = PBXFileReference; lastKnownFileType = wrapper.framework; name = QuickLook.framework; path = System/Library/Frameworks/QuickLook.framework; sourceTree = SDKROOT; };
		08BD97F41F6AC40800F9A59A /* UncaughtExceptionHandler.h */ = {isa = PBXFileReference; lastKnownFileType = sourcecode.c.h; path = UncaughtExceptionHandler.h; sourceTree = "<group>"; };
		08BD97F51F6AC40800F9A59A /* UncaughtExceptionHandler.m */ = {isa = PBXFileReference; lastKnownFileType = sourcecode.c.objc; path = UncaughtExceptionHandler.m; sourceTree = "<group>"; };
		08BD97F91F6AC49500F9A59A /* FBFile.swift */ = {isa = PBXFileReference; lastKnownFileType = sourcecode.swift; path = FBFile.swift; sourceTree = "<group>"; };
		08BD97FB1F6AC4B300F9A59A /* FileBrowser.swift */ = {isa = PBXFileReference; lastKnownFileType = sourcecode.swift; path = FileBrowser.swift; sourceTree = "<group>"; };
		08BD97FD1F6AC4CB00F9A59A /* FileListPreview.swift */ = {isa = PBXFileReference; lastKnownFileType = sourcecode.swift; path = FileListPreview.swift; sourceTree = "<group>"; };
		08BD97FF1F6AC4E700F9A59A /* FileListSearch.swift */ = {isa = PBXFileReference; lastKnownFileType = sourcecode.swift; path = FileListSearch.swift; sourceTree = "<group>"; };
		08BD98011F6AC4FF00F9A59A /* FileListTableView.swift */ = {isa = PBXFileReference; lastKnownFileType = sourcecode.swift; path = FileListTableView.swift; sourceTree = "<group>"; };
		08BD98031F6AC52D00F9A59A /* FileListViewController.swift */ = {isa = PBXFileReference; lastKnownFileType = sourcecode.swift; path = FileListViewController.swift; sourceTree = "<group>"; };
		08BD98051F6AC54A00F9A59A /* FileParser.swift */ = {isa = PBXFileReference; lastKnownFileType = sourcecode.swift; path = FileParser.swift; sourceTree = "<group>"; };
		08BD98071F6AC56100F9A59A /* PreviewManager.swift */ = {isa = PBXFileReference; lastKnownFileType = sourcecode.swift; path = PreviewManager.swift; sourceTree = "<group>"; };
		08BD98091F6AC57F00F9A59A /* PreviewTransitionViewController.swift */ = {isa = PBXFileReference; lastKnownFileType = sourcecode.swift; path = PreviewTransitionViewController.swift; sourceTree = "<group>"; };
		08BD980B1F6AC5A200F9A59A /* WebviewPreviewViewContoller.swift */ = {isa = PBXFileReference; lastKnownFileType = sourcecode.swift; path = WebviewPreviewViewContoller.swift; sourceTree = "<group>"; };
		08BD98121F6AC6C700F9A59A /* documents@2x.png */ = {isa = PBXFileReference; lastKnownFileType = image.png; path = "documents@2x.png"; sourceTree = "<group>"; };
		08BD98131F6AC6C700F9A59A /* file@2x.png */ = {isa = PBXFileReference; lastKnownFileType = image.png; path = "file@2x.png"; sourceTree = "<group>"; };
		08BD98141F6AC6C700F9A59A /* folder@2x.png */ = {isa = PBXFileReference; lastKnownFileType = image.png; path = "folder@2x.png"; sourceTree = "<group>"; };
		08BD98151F6AC6C700F9A59A /* image@2x.png */ = {isa = PBXFileReference; lastKnownFileType = image.png; path = "image@2x.png"; sourceTree = "<group>"; };
		08BD98161F6AC6C700F9A59A /* pdf@2x.png */ = {isa = PBXFileReference; lastKnownFileType = image.png; path = "pdf@2x.png"; sourceTree = "<group>"; };
		08BD98171F6AC6C700F9A59A /* zip@2x.png */ = {isa = PBXFileReference; lastKnownFileType = image.png; path = "zip@2x.png"; sourceTree = "<group>"; };
		08D8C64B1F72990600B817D1 /* Base */ = {isa = PBXFileReference; lastKnownFileType = file.storyboard; name = Base; path = Base.lproj/LaunchScreen.storyboard; sourceTree = "<group>"; };
		08D8C6511F729BAC00B817D1 /* SceneKit.png */ = {isa = PBXFileReference; lastKnownFileType = image.png; path = SceneKit.png; sourceTree = "<group>"; };
		08FFF3B72004EF7D008D6F0E /* BouncyButton.swift */ = {isa = PBXFileReference; lastKnownFileType = sourcecode.swift; path = BouncyButton.swift; sourceTree = "<group>"; };
		08FFF3D42004F85D008D6F0E /* Utilities.swift */ = {isa = PBXFileReference; lastKnownFileType = sourcecode.swift; path = Utilities.swift; sourceTree = "<group>"; };
		1835A7BB202A30E200CFE82A /* Zipper+Entry.swift */ = {isa = PBXFileReference; fileEncoding = 4; lastKnownFileType = sourcecode.swift; path = "Zipper+Entry.swift"; sourceTree = "<group>"; };
		1835A7BC202A30E200CFE82A /* FileManager+Zipper.swift */ = {isa = PBXFileReference; fileEncoding = 4; lastKnownFileType = sourcecode.swift; path = "FileManager+Zipper.swift"; sourceTree = "<group>"; };
		1835A7BD202A30E200CFE82A /* Data+Compression.swift */ = {isa = PBXFileReference; fileEncoding = 4; lastKnownFileType = sourcecode.swift; path = "Data+Compression.swift"; sourceTree = "<group>"; };
		1835A7BE202A30E200CFE82A /* Zipper+Reading.swift */ = {isa = PBXFileReference; fileEncoding = 4; lastKnownFileType = sourcecode.swift; path = "Zipper+Reading.swift"; sourceTree = "<group>"; };
		1835A7BF202A30E200CFE82A /* Zipper.swift */ = {isa = PBXFileReference; fileEncoding = 4; lastKnownFileType = sourcecode.swift; path = Zipper.swift; sourceTree = "<group>"; };
		1835A7C0202A30E200CFE82A /* Date+Zipper.swift */ = {isa = PBXFileReference; fileEncoding = 4; lastKnownFileType = sourcecode.swift; path = "Date+Zipper.swift"; sourceTree = "<group>"; };
		1835A7C1202A30E200CFE82A /* Zipper+Writing.swift */ = {isa = PBXFileReference; fileEncoding = 4; lastKnownFileType = sourcecode.swift; path = "Zipper+Writing.swift"; sourceTree = "<group>"; };
		1835A7C2202A30E200CFE82A /* Data+Serialization.swift */ = {isa = PBXFileReference; fileEncoding = 4; lastKnownFileType = sourcecode.swift; path = "Data+Serialization.swift"; sourceTree = "<group>"; };
		18507AB6202475A9007ADB17 /* Models.scnassets */ = {isa = PBXFileReference; lastKnownFileType = wrapper.scnassets; path = Models.scnassets; sourceTree = "<group>"; };
		18507AB920247E53007ADB17 /* 3DViewer.xcdatamodel */ = {isa = PBXFileReference; lastKnownFileType = wrapper.xcdatamodel; path = 3DViewer.xcdatamodel; sourceTree = "<group>"; };
		1888D17F20232EB5009679AE /* ARViewController.swift */ = {isa = PBXFileReference; lastKnownFileType = sourcecode.swift; path = ARViewController.swift; sourceTree = "<group>"; };
		1888D18120232F63009679AE /* VirtualObject.swift */ = {isa = PBXFileReference; lastKnownFileType = sourcecode.swift; path = VirtualObject.swift; sourceTree = "<group>"; };
		1888D18320232FDC009679AE /* FocusSquare.swift */ = {isa = PBXFileReference; lastKnownFileType = sourcecode.swift; path = FocusSquare.swift; sourceTree = "<group>"; };
		1888D18520232FF3009679AE /* Gesture.swift */ = {isa = PBXFileReference; lastKnownFileType = sourcecode.swift; path = Gesture.swift; sourceTree = "<group>"; };
		1888D18720233009009679AE /* Plane.swift */ = {isa = PBXFileReference; lastKnownFileType = sourcecode.swift; path = Plane.swift; sourceTree = "<group>"; };
		1888D18920233037009679AE /* PlaneDebugVisualization.swift */ = {isa = PBXFileReference; lastKnownFileType = sourcecode.swift; path = PlaneDebugVisualization.swift; sourceTree = "<group>"; };
		1888D18B2023304A009679AE /* HitTestVisualization.swift */ = {isa = PBXFileReference; lastKnownFileType = sourcecode.swift; path = HitTestVisualization.swift; sourceTree = "<group>"; };
		1888D18E202330BB009679AE /* TextManager.swift */ = {isa = PBXFileReference; lastKnownFileType = sourcecode.swift; path = TextManager.swift; sourceTree = "<group>"; };
		1888D190202330D3009679AE /* ARCameraTrackingState.swift */ = {isa = PBXFileReference; lastKnownFileType = sourcecode.swift; path = ARCameraTrackingState.swift; sourceTree = "<group>"; };
		1888D19220233314009679AE /* SettingsViewController.swift */ = {isa = PBXFileReference; lastKnownFileType = sourcecode.swift; path = SettingsViewController.swift; sourceTree = "<group>"; };
		1888D1942023332F009679AE /* VirtualObjectSelectionViewController.swift */ = {isa = PBXFileReference; lastKnownFileType = sourcecode.swift; path = VirtualObjectSelectionViewController.swift; sourceTree = "<group>"; };
		18A3012920330EFD00ED442A /* AssetImportKit.framework */ = {isa = PBXFileReference; explicitFileType = wrapper.framework; path = AssetImportKit.framework; sourceTree = BUILT_PRODUCTS_DIR; };
/* End PBXFileReference section */

/* Begin PBXFrameworksBuildPhase section */
		08BD979D1F6AB9D500F9A59A /* Frameworks */ = {
			isa = PBXFrameworksBuildPhase;
			buildActionMask = 2147483647;
			files = (
				08BD97EE1F6AC3A200F9A59A /* QuickLook.framework in Frameworks */,
				08BD97EC1F6AC39A00F9A59A /* WebKit.framework in Frameworks */,
				18A3012B20330F0500ED442A /* AssetImportKit.framework in Frameworks */,
			);
			runOnlyForDeploymentPostprocessing = 0;
		};
/* End PBXFrameworksBuildPhase section */

/* Begin PBXGroup section */
		08BD97971F6AB9D500F9A59A = {
			isa = PBXGroup;
			children = (
				08BD97A21F6AB9D500F9A59A /* 3DViewer */,
				08BD97A11F6AB9D500F9A59A /* Products */,
				08BD97EA1F6AC39A00F9A59A /* Frameworks */,
			);
			sourceTree = "<group>";
		};
		08BD97A11F6AB9D500F9A59A /* Products */ = {
			isa = PBXGroup;
			children = (
				08BD97A01F6AB9D500F9A59A /* 3DViewer.app */,
			);
			name = Products;
			sourceTree = "<group>";
		};
		08BD97A21F6AB9D500F9A59A /* 3DViewer */ = {
			isa = PBXGroup;
			children = (
				08BD97A31F6AB9D500F9A59A /* AppDelegate.swift */,
				08BD97D11F6ABBF500F9A59A /* DownloadFilesViewController.swift */,
				08BD97D31F6AC23800F9A59A /* DownloadManager.swift */,
				1888D196202337EF009679AE /* ARView */,
				08BD980D1F6AC5DD00F9A59A /* FileBrowser */,
				08BD97F81F6AC45400F9A59A /* UncaughtExceptionHandler */,
				1835A7B9202A30E200CFE82A /* Zipper */,
				08BD97A71F6AB9D500F9A59A /* Main.storyboard */,
				08D8C64A1F72990600B817D1 /* LaunchScreen.storyboard */,
				08D8C6511F729BAC00B817D1 /* SceneKit.png */,
				08BD97AA1F6AB9D500F9A59A /* Assets.xcassets */,
				18507AB6202475A9007ADB17 /* Models.scnassets */,
				08BD97AF1F6AB9D500F9A59A /* Info.plist */,
				18507AB820247E53007ADB17 /* 3DViewer.xcdatamodeld */,
				08BD97D71F6AC2C400F9A59A /* 3DViewer-Bridging-Header.h */,
			);
			path = 3DViewer;
			sourceTree = "<group>";
		};
		08BD97EA1F6AC39A00F9A59A /* Frameworks */ = {
			isa = PBXGroup;
			children = (
				18A3012920330EFD00ED442A /* AssetImportKit.framework */,
				08BD97ED1F6AC3A200F9A59A /* QuickLook.framework */,
				08BD97EB1F6AC39A00F9A59A /* WebKit.framework */,
			);
			name = Frameworks;
			sourceTree = "<group>";
		};
		08BD97F81F6AC45400F9A59A /* UncaughtExceptionHandler */ = {
			isa = PBXGroup;
			children = (
				08BD97F41F6AC40800F9A59A /* UncaughtExceptionHandler.h */,
				08BD97F51F6AC40800F9A59A /* UncaughtExceptionHandler.m */,
			);
			path = UncaughtExceptionHandler;
			sourceTree = "<group>";
		};
		08BD980D1F6AC5DD00F9A59A /* FileBrowser */ = {
			isa = PBXGroup;
			children = (
				08BD980E1F6AC60500F9A59A /* Data */,
				08BD97FB1F6AC4B300F9A59A /* FileBrowser.swift */,
				08BD980F1F6AC61A00F9A59A /* FileList */,
				08BD98101F6AC62F00F9A59A /* Preview */,
				08BD98111F6AC6C700F9A59A /* Resources */,
				08FFF3B92004EFA7008D6F0E /* Utilities */,
			);
			path = FileBrowser;
			sourceTree = "<group>";
		};
		08BD980E1F6AC60500F9A59A /* Data */ = {
			isa = PBXGroup;
			children = (
				08BD97F91F6AC49500F9A59A /* FBFile.swift */,
				08BD98051F6AC54A00F9A59A /* FileParser.swift */,
			);
			path = Data;
			sourceTree = "<group>";
		};
		08BD980F1F6AC61A00F9A59A /* FileList */ = {
			isa = PBXGroup;
			children = (
				08BD97FD1F6AC4CB00F9A59A /* FileListPreview.swift */,
				08BD97FF1F6AC4E700F9A59A /* FileListSearch.swift */,
				08BD98011F6AC4FF00F9A59A /* FileListTableView.swift */,
				08BD98031F6AC52D00F9A59A /* FileListViewController.swift */,
			);
			path = FileList;
			sourceTree = "<group>";
		};
		08BD98101F6AC62F00F9A59A /* Preview */ = {
			isa = PBXGroup;
			children = (
				08BD98071F6AC56100F9A59A /* PreviewManager.swift */,
				08BD98091F6AC57F00F9A59A /* PreviewTransitionViewController.swift */,
				08BD980B1F6AC5A200F9A59A /* WebviewPreviewViewContoller.swift */,
				089A7F2F1F6AC91B00A7E1D8 /* ScenePreviewViewContoller.swift */,
			);
			path = Preview;
			sourceTree = "<group>";
		};
		08BD98111F6AC6C700F9A59A /* Resources */ = {
			isa = PBXGroup;
			children = (
				08BD98121F6AC6C700F9A59A /* documents@2x.png */,
				08BD98131F6AC6C700F9A59A /* file@2x.png */,
				08BD98141F6AC6C700F9A59A /* folder@2x.png */,
				08BD98151F6AC6C700F9A59A /* image@2x.png */,
				08BD98161F6AC6C700F9A59A /* pdf@2x.png */,
				08BD98171F6AC6C700F9A59A /* zip@2x.png */,
				089A7F311F6ACDE400A7E1D8 /* scene@2x.png */,
			);
			name = Resources;
			path = 3DViewer/FileBrowser/Resources;
			sourceTree = SOURCE_ROOT;
		};
		08FFF3B92004EFA7008D6F0E /* Utilities */ = {
			isa = PBXGroup;
			children = (
				08FFF3D42004F85D008D6F0E /* Utilities.swift */,
				08FFF3B72004EF7D008D6F0E /* BouncyButton.swift */,
				085E4A9820076D0A00D5D7CE /* MBProgressHUD.h */,
				085E4A9920076D0A00D5D7CE /* MBProgressHUD.m */,
			);
			path = Utilities;
			sourceTree = "<group>";
		};
		1835A7B9202A30E200CFE82A /* Zipper */ = {
			isa = PBXGroup;
			children = (
				1835A7BB202A30E200CFE82A /* Zipper+Entry.swift */,
				1835A7BC202A30E200CFE82A /* FileManager+Zipper.swift */,
				1835A7BD202A30E200CFE82A /* Data+Compression.swift */,
				1835A7BE202A30E200CFE82A /* Zipper+Reading.swift */,
				1835A7BF202A30E200CFE82A /* Zipper.swift */,
				1835A7C0202A30E200CFE82A /* Date+Zipper.swift */,
				1835A7C1202A30E200CFE82A /* Zipper+Writing.swift */,
				1835A7C2202A30E200CFE82A /* Data+Serialization.swift */,
			);
			path = Zipper;
			sourceTree = "<group>";
		};
		1888D18D2023306A009679AE /* UI Elements */ = {
			isa = PBXGroup;
			children = (
				1888D18320232FDC009679AE /* FocusSquare.swift */,
				1888D18520232FF3009679AE /* Gesture.swift */,
				1888D18720233009009679AE /* Plane.swift */,
				1888D18920233037009679AE /* PlaneDebugVisualization.swift */,
				1888D18B2023304A009679AE /* HitTestVisualization.swift */,
			);
			path = "UI Elements";
			sourceTree = "<group>";
		};
		1888D196202337EF009679AE /* ARView */ = {
			isa = PBXGroup;
			children = (
				1888D17F20232EB5009679AE /* ARViewController.swift */,
				1888D18120232F63009679AE /* VirtualObject.swift */,
				1888D19220233314009679AE /* SettingsViewController.swift */,
				1888D1942023332F009679AE /* VirtualObjectSelectionViewController.swift */,
				1888D18E202330BB009679AE /* TextManager.swift */,
				1888D190202330D3009679AE /* ARCameraTrackingState.swift */,
				1888D18D2023306A009679AE /* UI Elements */,
			);
			path = ARView;
			sourceTree = "<group>";
		};
/* End PBXGroup section */

/* Begin PBXNativeTarget section */
		08BD979F1F6AB9D500F9A59A /* 3DViewer */ = {
			isa = PBXNativeTarget;
			buildConfigurationList = 08BD97C81F6AB9D600F9A59A /* Build configuration list for PBXNativeTarget "3DViewer" */;
			buildPhases = (
				08BD979C1F6AB9D500F9A59A /* Sources */,
				08BD979D1F6AB9D500F9A59A /* Frameworks */,
				08BD979E1F6AB9D500F9A59A /* Resources */,
				18A3012D20330F0500ED442A /* Embed Frameworks */,
			);
			buildRules = (
			);
			dependencies = (
			);
			name = 3DViewer;
			productName = 3DViewer;
			productReference = 08BD97A01F6AB9D500F9A59A /* 3DViewer.app */;
			productType = "com.apple.product-type.application";
		};
/* End PBXNativeTarget section */

/* Begin PBXProject section */
		08BD97981F6AB9D500F9A59A /* Project object */ = {
			isa = PBXProject;
			attributes = {
				LastSwiftUpdateCheck = 0900;
				LastUpgradeCheck = 0930;
				ORGANIZATIONNAME = "Eugene Bokhan";
				TargetAttributes = {
					08BD979F1F6AB9D500F9A59A = {
						CreatedOnToolsVersion = 9.0;
						LastSwiftMigration = 0900;
						ProvisioningStyle = Automatic;
					};
				};
			};
			buildConfigurationList = 08BD979B1F6AB9D500F9A59A /* Build configuration list for PBXProject "3DViewer" */;
			compatibilityVersion = "Xcode 8.0";
			developmentRegion = en;
			hasScannedForEncodings = 0;
			knownRegions = (
				en,
				Base,
			);
			mainGroup = 08BD97971F6AB9D500F9A59A;
			productRefGroup = 08BD97A11F6AB9D500F9A59A /* Products */;
			projectDirPath = "";
			projectRoot = "";
			targets = (
				08BD979F1F6AB9D500F9A59A /* 3DViewer */,
			);
		};
/* End PBXProject section */

/* Begin PBXResourcesBuildPhase section */
		08BD979E1F6AB9D500F9A59A /* Resources */ = {
			isa = PBXResourcesBuildPhase;
			buildActionMask = 2147483647;
			files = (
				08BD981B1F6AC6E400F9A59A /* image@2x.png in Resources */,
				08BD981C1F6AC6E400F9A59A /* pdf@2x.png in Resources */,
				18507AB7202475AA007ADB17 /* Models.scnassets in Resources */,
				08BD981A1F6AC6E400F9A59A /* folder@2x.png in Resources */,
				08D8C64C1F72994700B817D1 /* LaunchScreen.storyboard in Resources */,
				08BD981D1F6AC6E400F9A59A /* zip@2x.png in Resources */,
				08BD97AB1F6AB9D500F9A59A /* Assets.xcassets in Resources */,
				08BD98191F6AC6E400F9A59A /* file@2x.png in Resources */,
				08D8C6521F729BAF00B817D1 /* SceneKit.png in Resources */,
				089A7F321F6ACDE900A7E1D8 /* scene@2x.png in Resources */,
				08BD97A91F6AB9D500F9A59A /* Main.storyboard in Resources */,
				08BD98181F6AC6E400F9A59A /* documents@2x.png in Resources */,
			);
			runOnlyForDeploymentPostprocessing = 0;
		};
/* End PBXResourcesBuildPhase section */

/* Begin PBXSourcesBuildPhase section */
		08BD979C1F6AB9D500F9A59A /* Sources */ = {
			isa = PBXSourcesBuildPhase;
			buildActionMask = 2147483647;
			files = (
				1888D18C2023304B009679AE /* HitTestVisualization.swift in Sources */,
				08BD98081F6AC56100F9A59A /* PreviewManager.swift in Sources */,
				08BD98061F6AC54A00F9A59A /* FileParser.swift in Sources */,
				1888D18220232F63009679AE /* VirtualObject.swift in Sources */,
				08FFF3D52004F85D008D6F0E /* Utilities.swift in Sources */,
				085E4A9A20076D0A00D5D7CE /* MBProgressHUD.m in Sources */,
				1835A7C4202A30E200CFE82A /* FileManager+Zipper.swift in Sources */,
				1835A7C7202A30E200CFE82A /* Zipper.swift in Sources */,
				1888D191202330D3009679AE /* ARCameraTrackingState.swift in Sources */,
				08BD97FC1F6AC4B300F9A59A /* FileBrowser.swift in Sources */,
				08BD98001F6AC4E700F9A59A /* FileListSearch.swift in Sources */,
				1835A7C3202A30E200CFE82A /* Zipper+Entry.swift in Sources */,
				08BD980C1F6AC5A200F9A59A /* WebviewPreviewViewContoller.swift in Sources */,
				1888D18F202330BB009679AE /* TextManager.swift in Sources */,
				18507ABA20247E53007ADB17 /* 3DViewer.xcdatamodeld in Sources */,
				1888D18A20233037009679AE /* PlaneDebugVisualization.swift in Sources */,
				1835A7CA202A30E200CFE82A /* Data+Serialization.swift in Sources */,
				1835A7C6202A30E200CFE82A /* Zipper+Reading.swift in Sources */,
				08BD980A1F6AC57F00F9A59A /* PreviewTransitionViewController.swift in Sources */,
				08BD97D21F6ABBF500F9A59A /* DownloadFilesViewController.swift in Sources */,
				1888D19320233314009679AE /* SettingsViewController.swift in Sources */,
				08BD97F61F6AC40800F9A59A /* UncaughtExceptionHandler.m in Sources */,
				08BD97FA1F6AC49500F9A59A /* FBFile.swift in Sources */,
				1888D18420232FDC009679AE /* FocusSquare.swift in Sources */,
				08BD97FE1F6AC4CB00F9A59A /* FileListPreview.swift in Sources */,
				1835A7C8202A30E200CFE82A /* Date+Zipper.swift in Sources */,
				1835A7C9202A30E200CFE82A /* Zipper+Writing.swift in Sources */,
				1835A7C5202A30E200CFE82A /* Data+Compression.swift in Sources */,
				08BD97A41F6AB9D500F9A59A /* AppDelegate.swift in Sources */,
				08BD98041F6AC52D00F9A59A /* FileListViewController.swift in Sources */,
				1888D18820233009009679AE /* Plane.swift in Sources */,
				08FFF3B82004EF7D008D6F0E /* BouncyButton.swift in Sources */,
				1888D18020232EB5009679AE /* ARViewController.swift in Sources */,
				08BD97D41F6AC23800F9A59A /* DownloadManager.swift in Sources */,
				08BD98021F6AC4FF00F9A59A /* FileListTableView.swift in Sources */,
				1888D1952023332F009679AE /* VirtualObjectSelectionViewController.swift in Sources */,
				1888D18620232FF3009679AE /* Gesture.swift in Sources */,
				089A7F301F6AC91B00A7E1D8 /* ScenePreviewViewContoller.swift in Sources */,
			);
			runOnlyForDeploymentPostprocessing = 0;
		};
/* End PBXSourcesBuildPhase section */

/* Begin PBXVariantGroup section */
		08BD97A71F6AB9D500F9A59A /* Main.storyboard */ = {
			isa = PBXVariantGroup;
			children = (
				08BD97A81F6AB9D500F9A59A /* Base */,
			);
			name = Main.storyboard;
			sourceTree = "<group>";
		};
		08D8C64A1F72990600B817D1 /* LaunchScreen.storyboard */ = {
			isa = PBXVariantGroup;
			children = (
				08D8C64B1F72990600B817D1 /* Base */,
			);
			name = LaunchScreen.storyboard;
			sourceTree = "<group>";
		};
/* End PBXVariantGroup section */

/* Begin XCBuildConfiguration section */
		08BD97C61F6AB9D600F9A59A /* Debug */ = {
			isa = XCBuildConfiguration;
			buildSettings = {
				ALWAYS_SEARCH_USER_PATHS = NO;
				CLANG_ANALYZER_NONNULL = YES;
				CLANG_ANALYZER_NUMBER_OBJECT_CONVERSION = YES_AGGRESSIVE;
				CLANG_CXX_LANGUAGE_STANDARD = "gnu++14";
				CLANG_CXX_LIBRARY = "libc++";
				CLANG_ENABLE_MODULES = YES;
				CLANG_ENABLE_OBJC_ARC = YES;
				CLANG_WARN_BLOCK_CAPTURE_AUTORELEASING = YES;
				CLANG_WARN_BOOL_CONVERSION = YES;
				CLANG_WARN_COMMA = YES;
				CLANG_WARN_CONSTANT_CONVERSION = YES;
				CLANG_WARN_DEPRECATED_OBJC_IMPLEMENTATIONS = YES;
				CLANG_WARN_DIRECT_OBJC_ISA_USAGE = YES_ERROR;
				CLANG_WARN_DOCUMENTATION_COMMENTS = YES;
				CLANG_WARN_EMPTY_BODY = YES;
				CLANG_WARN_ENUM_CONVERSION = YES;
				CLANG_WARN_INFINITE_RECURSION = YES;
				CLANG_WARN_INT_CONVERSION = YES;
				CLANG_WARN_NON_LITERAL_NULL_CONVERSION = YES;
				CLANG_WARN_OBJC_IMPLICIT_RETAIN_SELF = YES;
				CLANG_WARN_OBJC_LITERAL_CONVERSION = YES;
				CLANG_WARN_OBJC_ROOT_CLASS = YES_ERROR;
				CLANG_WARN_RANGE_LOOP_ANALYSIS = YES;
				CLANG_WARN_STRICT_PROTOTYPES = YES;
				CLANG_WARN_SUSPICIOUS_MOVE = YES;
				CLANG_WARN_UNGUARDED_AVAILABILITY = YES_AGGRESSIVE;
				CLANG_WARN_UNREACHABLE_CODE = YES;
				CLANG_WARN__DUPLICATE_METHOD_MATCH = YES;
				CODE_SIGN_IDENTITY = "iPhone Developer";
				COPY_PHASE_STRIP = NO;
				DEBUG_INFORMATION_FORMAT = dwarf;
				ENABLE_STRICT_OBJC_MSGSEND = YES;
				ENABLE_TESTABILITY = YES;
				GCC_C_LANGUAGE_STANDARD = gnu11;
				GCC_DYNAMIC_NO_PIC = NO;
				GCC_NO_COMMON_BLOCKS = YES;
				GCC_OPTIMIZATION_LEVEL = 0;
				GCC_PREPROCESSOR_DEFINITIONS = (
					"DEBUG=1",
					"$(inherited)",
				);
				GCC_WARN_64_TO_32_BIT_CONVERSION = YES;
				GCC_WARN_ABOUT_RETURN_TYPE = YES_ERROR;
				GCC_WARN_UNDECLARED_SELECTOR = YES;
				GCC_WARN_UNINITIALIZED_AUTOS = YES_AGGRESSIVE;
				GCC_WARN_UNUSED_FUNCTION = YES;
				GCC_WARN_UNUSED_VARIABLE = YES;
				HEADER_SEARCH_PATHS = "";
				IPHONEOS_DEPLOYMENT_TARGET = 11.0;
				MTL_ENABLE_DEBUG_INFO = YES;
				ONLY_ACTIVE_ARCH = YES;
				SDKROOT = iphoneos;
				SWIFT_ACTIVE_COMPILATION_CONDITIONS = DEBUG;
				SWIFT_OPTIMIZATION_LEVEL = "-Onone";
			};
			name = Debug;
		};
		08BD97C71F6AB9D600F9A59A /* Release */ = {
			isa = XCBuildConfiguration;
			buildSettings = {
				ALWAYS_SEARCH_USER_PATHS = NO;
				CLANG_ANALYZER_NONNULL = YES;
				CLANG_ANALYZER_NUMBER_OBJECT_CONVERSION = YES_AGGRESSIVE;
				CLANG_CXX_LANGUAGE_STANDARD = "gnu++14";
				CLANG_CXX_LIBRARY = "libc++";
				CLANG_ENABLE_MODULES = YES;
				CLANG_ENABLE_OBJC_ARC = YES;
				CLANG_WARN_BLOCK_CAPTURE_AUTORELEASING = YES;
				CLANG_WARN_BOOL_CONVERSION = YES;
				CLANG_WARN_COMMA = YES;
				CLANG_WARN_CONSTANT_CONVERSION = YES;
				CLANG_WARN_DEPRECATED_OBJC_IMPLEMENTATIONS = YES;
				CLANG_WARN_DIRECT_OBJC_ISA_USAGE = YES_ERROR;
				CLANG_WARN_DOCUMENTATION_COMMENTS = YES;
				CLANG_WARN_EMPTY_BODY = YES;
				CLANG_WARN_ENUM_CONVERSION = YES;
				CLANG_WARN_INFINITE_RECURSION = YES;
				CLANG_WARN_INT_CONVERSION = YES;
				CLANG_WARN_NON_LITERAL_NULL_CONVERSION = YES;
				CLANG_WARN_OBJC_IMPLICIT_RETAIN_SELF = YES;
				CLANG_WARN_OBJC_LITERAL_CONVERSION = YES;
				CLANG_WARN_OBJC_ROOT_CLASS = YES_ERROR;
				CLANG_WARN_RANGE_LOOP_ANALYSIS = YES;
				CLANG_WARN_STRICT_PROTOTYPES = YES;
				CLANG_WARN_SUSPICIOUS_MOVE = YES;
				CLANG_WARN_UNGUARDED_AVAILABILITY = YES_AGGRESSIVE;
				CLANG_WARN_UNREACHABLE_CODE = YES;
				CLANG_WARN__DUPLICATE_METHOD_MATCH = YES;
				CODE_SIGN_IDENTITY = "iPhone Developer";
				COPY_PHASE_STRIP = NO;
				DEBUG_INFORMATION_FORMAT = "dwarf-with-dsym";
				ENABLE_NS_ASSERTIONS = NO;
				ENABLE_STRICT_OBJC_MSGSEND = YES;
				GCC_C_LANGUAGE_STANDARD = gnu11;
				GCC_NO_COMMON_BLOCKS = YES;
				GCC_WARN_64_TO_32_BIT_CONVERSION = YES;
				GCC_WARN_ABOUT_RETURN_TYPE = YES_ERROR;
				GCC_WARN_UNDECLARED_SELECTOR = YES;
				GCC_WARN_UNINITIALIZED_AUTOS = YES_AGGRESSIVE;
				GCC_WARN_UNUSED_FUNCTION = YES;
				GCC_WARN_UNUSED_VARIABLE = YES;
				HEADER_SEARCH_PATHS = "";
				IPHONEOS_DEPLOYMENT_TARGET = 11.0;
				MTL_ENABLE_DEBUG_INFO = NO;
				SDKROOT = iphoneos;
				SWIFT_COMPILATION_MODE = wholemodule;
				SWIFT_OPTIMIZATION_LEVEL = "-Owholemodule";
				VALIDATE_PRODUCT = YES;
			};
			name = Release;
		};
		08BD97C91F6AB9D600F9A59A /* Debug */ = {
			isa = XCBuildConfiguration;
			buildSettings = {
				ASSETCATALOG_COMPILER_APPICON_NAME = AppIcon;
				CLANG_ENABLE_MODULES = YES;
				CODE_SIGN_STYLE = Automatic;
				DEVELOPMENT_TEAM = 63TG84TE66;
				ENABLE_BITCODE = NO;
				FRAMEWORK_SEARCH_PATHS = (
					"$(inherited)",
					"$(PROJECT_DIR)/3DViewer",
				);
				HEADER_SEARCH_PATHS = "";
				INFOPLIST_FILE = 3DViewer/Info.plist;
				IPHONEOS_DEPLOYMENT_TARGET = 11.3;
				LD_RUNPATH_SEARCH_PATHS = "$(inherited) @executable_path/Frameworks";
				LIBRARY_SEARCH_PATHS = "$(inherited)";
				OTHER_LDFLAGS = "";
				PRODUCT_BUNDLE_IDENTIFIER = com.eugenebokhan.3DViewer;
				PRODUCT_NAME = "$(TARGET_NAME)";
				SWIFT_INCLUDE_PATHS = "$(SRCROOT)/3DViewer/Assimp $(SRCROOT)/3DViewer/Zip/minizip";
				SWIFT_OBJC_BRIDGING_HEADER = "3DViewer/3DViewer-Bridging-Header.h";
				SWIFT_OPTIMIZATION_LEVEL = "-Onone";
				SWIFT_VERSION = 4.2;
				TARGETED_DEVICE_FAMILY = "1,2";
			};
			name = Debug;
		};
		08BD97CA1F6AB9D600F9A59A /* Release */ = {
			isa = XCBuildConfiguration;
			buildSettings = {
				ASSETCATALOG_COMPILER_APPICON_NAME = AppIcon;
				CLANG_ENABLE_MODULES = YES;
				CODE_SIGN_STYLE = Automatic;
				DEVELOPMENT_TEAM = 63TG84TE66;
				ENABLE_BITCODE = NO;
				FRAMEWORK_SEARCH_PATHS = (
					"$(inherited)",
					"$(PROJECT_DIR)/3DViewer",
				);
				HEADER_SEARCH_PATHS = "";
				INFOPLIST_FILE = 3DViewer/Info.plist;
				IPHONEOS_DEPLOYMENT_TARGET = 11.3;
				LD_RUNPATH_SEARCH_PATHS = "$(inherited) @executable_path/Frameworks";
				LIBRARY_SEARCH_PATHS = "$(inherited)";
				OTHER_LDFLAGS = "";
				PRODUCT_BUNDLE_IDENTIFIER = com.eugenebokhan.3DViewer;
				PRODUCT_NAME = "$(TARGET_NAME)";
				SWIFT_INCLUDE_PATHS = "$(SRCROOT)/3DViewer/Assimp $(SRCROOT)/3DViewer/Zip/minizip";
				SWIFT_OBJC_BRIDGING_HEADER = "3DViewer/3DViewer-Bridging-Header.h";
				SWIFT_VERSION = 4.2;
				TARGETED_DEVICE_FAMILY = "1,2";
			};
			name = Release;
		};
/* End XCBuildConfiguration section */

/* Begin XCConfigurationList section */
		08BD979B1F6AB9D500F9A59A /* Build configuration list for PBXProject "3DViewer" */ = {
			isa = XCConfigurationList;
			buildConfigurations = (
				08BD97C61F6AB9D600F9A59A /* Debug */,
				08BD97C71F6AB9D600F9A59A /* Release */,
			);
			defaultConfigurationIsVisible = 0;
			defaultConfigurationName = Release;
		};
		08BD97C81F6AB9D600F9A59A /* Build configuration list for PBXNativeTarget "3DViewer" */ = {
			isa = XCConfigurationList;
			buildConfigurations = (
				08BD97C91F6AB9D600F9A59A /* Debug */,
				08BD97CA1F6AB9D600F9A59A /* Release */,
			);
			defaultConfigurationIsVisible = 0;
			defaultConfigurationName = Release;
		};
/* End XCConfigurationList section */

/* Begin XCVersionGroup section */
		18507AB820247E53007ADB17 /* 3DViewer.xcdatamodeld */ = {
			isa = XCVersionGroup;
			children = (
				18507AB920247E53007ADB17 /* 3DViewer.xcdatamodel */,
			);
			currentVersion = 18507AB920247E53007ADB17 /* 3DViewer.xcdatamodel */;
			path = 3DViewer.xcdatamodeld;
			sourceTree = "<group>";
			versionGroupType = wrapper.xcdatamodel;
		};
/* End XCVersionGroup section */
	};
	rootObject = 08BD97981F6AB9D500F9A59A /* Project object */;
}
